
Microsoft Visual Studio Solution File, Format Version 12.00
# Visual Studio Version 17
VisualStudioVersion = 17.0.31903.59
MinimumVisualStudioVersion = 10.0.40219.1
Project("{FAE04EC0-301F-11D3-BF4B-00C04F79EFBC}") = "Console", "Console\Console.csproj", "{C40B1C17-CDDE-456D-A2E0-290E466B3EC4}"
EndProject
Project("{FAE04EC0-301F-11D3-BF4B-00C04F79EFBC}") = "Domain", "Domain\Domain.csproj", "{DF1ADF92-40D8-47AF-A3E7-253F2CD1AE60}"
EndProject
Project("{FAE04EC0-301F-11D3-BF4B-00C04F79EFBC}") = "Infrastructure", "Infrastructure\Infrastructure.csproj", "{5602DE82-6F1E-433D-8302-DC7C62CAE8F8}"
EndProject
Project("{FAE04EC0-301F-11D3-BF4B-00C04F79EFBC}") = "WebApi", "WebApi\WebApi.csproj", "{E754FCCE-E1CC-42D9-8B59-33A8AB3F1FDE}"
EndProject
Global
	GlobalSection(SolutionConfigurationPlatforms) = preSolution
		Debug|Any CPU = Debug|Any CPU
		Release|Any CPU = Release|Any CPU
	EndGlobalSection
	GlobalSection(SolutionProperties) = preSolution
		HideSolutionNode = FALSE
	EndGlobalSection
	GlobalSection(ProjectConfigurationPlatforms) = postSolution
		{C40B1C17-CDDE-456D-A2E0-290E466B3EC4}.Debug|Any CPU.ActiveCfg = Debug|Any CPU
		{C40B1C17-CDDE-456D-A2E0-290E466B3EC4}.Debug|Any CPU.Build.0 = Debug|Any CPU
		{C40B1C17-CDDE-456D-A2E0-290E466B3EC4}.Release|Any CPU.ActiveCfg = Release|Any CPU
		{C40B1C17-CDDE-456D-A2E0-290E466B3EC4}.Release|Any CPU.Build.0 = Release|Any CPU
		{DF1ADF92-40D8-47AF-A3E7-253F2CD1AE60}.Debug|Any CPU.ActiveCfg = Debug|Any CPU
		{DF1ADF92-40D8-47AF-A3E7-253F2CD1AE60}.Debug|Any CPU.Build.0 = Debug|Any CPU
		{DF1ADF92-40D8-47AF-A3E7-253F2CD1AE60}.Release|Any CPU.ActiveCfg = Release|Any CPU
		{DF1ADF92-40D8-47AF-A3E7-253F2CD1AE60}.Release|Any CPU.Build.0 = Release|Any CPU
		{5602DE82-6F1E-433D-8302-DC7C62CAE8F8}.Debug|Any CPU.ActiveCfg = Debug|Any CPU
		{5602DE82-6F1E-433D-8302-DC7C62CAE8F8}.Debug|Any CPU.Build.0 = Debug|Any CPU
		{5602DE82-6F1E-433D-8302-DC7C62CAE8F8}.Release|Any CPU.ActiveCfg = Release|Any CPU
		{5602DE82-6F1E-433D-8302-DC7C62CAE8F8}.Release|Any CPU.Build.0 = Release|Any CPU
		{E754FCCE-E1CC-42D9-8B59-33A8AB3F1FDE}.Debug|Any CPU.ActiveCfg = Debug|Any CPU
		{E754FCCE-E1CC-42D9-8B59-33A8AB3F1FDE}.Debug|Any CPU.Build.0 = Debug|Any CPU
		{E754FCCE-E1CC-42D9-8B59-33A8AB3F1FDE}.Release|Any CPU.ActiveCfg = Release|Any CPU
		{E754FCCE-E1CC-42D9-8B59-33A8AB3F1FDE}.Release|Any CPU.Build.0 = Release|Any CPU
	EndGlobalSection
EndGlobal
